// !$*UTF8*$!
{
	archiveVersion = 1;
	classes = {
	};
	objectVersion = 46;
	objects = {

/* Begin PBXBuildFile section */
		2BEDBD90979F75EA1F171024 /* libPods-StarAcademy.a in Frameworks */ = {isa = PBXBuildFile; fileRef = 4C643C665C1851D527BAC5E6 /* libPods-StarAcademy.a */; };
		87055B0519D703DC0048A6EC /* Arrow.png in Resources */ = {isa = PBXBuildFile; fileRef = 87055B0419D703DC0048A6EC /* Arrow.png */; };
		87055B0A19D72ED80048A6EC /* Share.png in Resources */ = {isa = PBXBuildFile; fileRef = 87055B0919D72ED80048A6EC /* Share.png */; };
		87595E4D19D6FA5C00686AC3 /* Logo.jpg in Resources */ = {isa = PBXBuildFile; fileRef = 87595E4C19D6FA5B00686AC3 /* Logo.jpg */; };
		87595E5119D7022100686AC3 /* 58X58.png in Resources */ = {isa = PBXBuildFile; fileRef = 87595E5019D7022100686AC3 /* 58X58.png */; };
		875D067219D6B7AE00064E7E /* Foundation.framework in Frameworks */ = {isa = PBXBuildFile; fileRef = 875D067119D6B7AE00064E7E /* Foundation.framework */; };
		875D067419D6B7AE00064E7E /* CoreGraphics.framework in Frameworks */ = {isa = PBXBuildFile; fileRef = 875D067319D6B7AE00064E7E /* CoreGraphics.framework */; };
		875D067619D6B7AE00064E7E /* UIKit.framework in Frameworks */ = {isa = PBXBuildFile; fileRef = 875D067519D6B7AE00064E7E /* UIKit.framework */; };
		875D067819D6B7AE00064E7E /* CoreData.framework in Frameworks */ = {isa = PBXBuildFile; fileRef = 875D067719D6B7AE00064E7E /* CoreData.framework */; };
		875D067E19D6B7AE00064E7E /* InfoPlist.strings in Resources */ = {isa = PBXBuildFile; fileRef = 875D067C19D6B7AE00064E7E /* InfoPlist.strings */; };
		875D068019D6B7AE00064E7E /* main.m in Sources */ = {isa = PBXBuildFile; fileRef = 875D067F19D6B7AE00064E7E /* main.m */; };
		875D068419D6B7AE00064E7E /* AppDelegate.m in Sources */ = {isa = PBXBuildFile; fileRef = 875D068319D6B7AE00064E7E /* AppDelegate.m */; };
		875D068719D6B7AE00064E7E /* StarAcademy.xcdatamodeld in Sources */ = {isa = PBXBuildFile; fileRef = 875D068519D6B7AE00064E7E /* StarAcademy.xcdatamodeld */; };
		875D068919D6B7AE00064E7E /* Images.xcassets in Resources */ = {isa = PBXBuildFile; fileRef = 875D068819D6B7AE00064E7E /* Images.xcassets */; };
		875D069019D6B7AE00064E7E /* XCTest.framework in Frameworks */ = {isa = PBXBuildFile; fileRef = 875D068F19D6B7AE00064E7E /* XCTest.framework */; };
		875D069119D6B7AE00064E7E /* Foundation.framework in Frameworks */ = {isa = PBXBuildFile; fileRef = 875D067119D6B7AE00064E7E /* Foundation.framework */; };
		875D069219D6B7AE00064E7E /* UIKit.framework in Frameworks */ = {isa = PBXBuildFile; fileRef = 875D067519D6B7AE00064E7E /* UIKit.framework */; };
		875D069319D6B7AE00064E7E /* CoreData.framework in Frameworks */ = {isa = PBXBuildFile; fileRef = 875D067719D6B7AE00064E7E /* CoreData.framework */; };
		875D069B19D6B7AE00064E7E /* InfoPlist.strings in Resources */ = {isa = PBXBuildFile; fileRef = 875D069919D6B7AE00064E7E /* InfoPlist.strings */; };
		875D069D19D6B7AE00064E7E /* StarAcademyTests.m in Sources */ = {isa = PBXBuildFile; fileRef = 875D069C19D6B7AE00064E7E /* StarAcademyTests.m */; };
		875D06AB19D6C07D00064E7E /* MainViewController.m in Sources */ = {isa = PBXBuildFile; fileRef = 875D06AA19D6C07D00064E7E /* MainViewController.m */; };
		875D06B519D6C30300064E7E /* Storyboard.storyboard in Resources */ = {isa = PBXBuildFile; fileRef = 875D06B419D6C30300064E7E /* Storyboard.storyboard */; };
		875D06B719D6C76100064E7E /* Storyboard_iPad.storyboard in Resources */ = {isa = PBXBuildFile; fileRef = 875D06B619D6C76100064E7E /* Storyboard_iPad.storyboard */; };
		875D06BB19D6CAAE00064E7E /* CardCollectionViewCell.m in Sources */ = {isa = PBXBuildFile; fileRef = 875D06BA19D6CAAE00064E7E /* CardCollectionViewCell.m */; };
		875D06BD19D6CAC700064E7E /* CardCollectionViewCell_iPhone.xib in Resources */ = {isa = PBXBuildFile; fileRef = 875D06BC19D6CAC700064E7E /* CardCollectionViewCell_iPhone.xib */; };
		875D06C619D6D68100064E7E /* CardInfo.m in Sources */ = {isa = PBXBuildFile; fileRef = 875D06C519D6D68100064E7E /* CardInfo.m */; };
		879A1B9C19D9FDD2005E7228 /* Info.png in Resources */ = {isa = PBXBuildFile; fileRef = 879A1B9B19D9FDD2005E7228 /* Info.png */; };
		879A1BA419DA10F8005E7228 /* Twitter.framework in Frameworks */ = {isa = PBXBuildFile; fileRef = 879A1BA019DA0D7E005E7228 /* Twitter.framework */; };
		879A1BA519DA10F8005E7228 /* FacebookSDK.framework in Frameworks */ = {isa = PBXBuildFile; fileRef = 879A1BA119DA0D7E005E7228 /* FacebookSDK.framework */; };
		879A1BB019DA11DB005E7228 /* FacebookSDKResources.bundle in Resources */ = {isa = PBXBuildFile; fileRef = 879A1BAC19DA11DB005E7228 /* FacebookSDKResources.bundle */; };
		879A1BB119DA11DB005E7228 /* FBUserSettingsViewResources.bundle in Resources */ = {isa = PBXBuildFile; fileRef = 879A1BAD19DA11DB005E7228 /* FBUserSettingsViewResources.bundle */; };
		879A1BB419DA1473005E7228 /* libsqlite3.dylib in Frameworks */ = {isa = PBXBuildFile; fileRef = 879A1BB319DA1473005E7228 /* libsqlite3.dylib */; };
		879A1BB819DA14DD005E7228 /* AdSupport.framework in Frameworks */ = {isa = PBXBuildFile; fileRef = 879A1BB719DA14DD005E7228 /* AdSupport.framework */; };
		879A1BBC19DA2219005E7228 /* ShareToViewController.m in Sources */ = {isa = PBXBuildFile; fileRef = 879A1BBA19DA2219005E7228 /* ShareToViewController.m */; };
		879A1BBF19DA235B005E7228 /* ShareToViewController.xib in Resources */ = {isa = PBXBuildFile; fileRef = 879A1BBE19DA235B005E7228 /* ShareToViewController.xib */; };
		87E3B7D019D73C86007F424F /* CardCollectionViewCell_iPad.xib in Resources */ = {isa = PBXBuildFile; fileRef = 87E3B7CF19D73C86007F424F /* CardCollectionViewCell_iPad.xib */; };
		87E3B7D219D7410D007F424F /* Arrow_iPad.jpg in Resources */ = {isa = PBXBuildFile; fileRef = 87E3B7D119D7410D007F424F /* Arrow_iPad.jpg */; };
		87E3B7D619D7455D007F424F /* 80X80.png in Resources */ = {isa = PBXBuildFile; fileRef = 87E3B7D519D7455D007F424F /* 80X80.png */; };
		87E3B7E119D7482E007F424F /* Localizable.strings in Resources */ = {isa = PBXBuildFile; fileRef = 87E3B7E319D7482E007F424F /* Localizable.strings */; };
/* End PBXBuildFile section */

/* Begin PBXContainerItemProxy section */
		875D069419D6B7AE00064E7E /* PBXContainerItemProxy */ = {
			isa = PBXContainerItemProxy;
			containerPortal = 875D066619D6B7AE00064E7E /* Project object */;
			proxyType = 1;
			remoteGlobalIDString = 875D066D19D6B7AE00064E7E;
			remoteInfo = StarAcademy;
		};
/* End PBXContainerItemProxy section */

/* Begin PBXFileReference section */
		4C643C665C1851D527BAC5E6 /* libPods-StarAcademy.a */ = {isa = PBXFileReference; explicitFileType = archive.ar; includeInIndex = 0; path = "libPods-StarAcademy.a"; sourceTree = BUILT_PRODUCTS_DIR; };
		6D81ACD745F50FD2836365F5 /* Pods-StarAcademy.release.xcconfig */ = {isa = PBXFileReference; includeInIndex = 1; lastKnownFileType = text.xcconfig; name = "Pods-StarAcademy.release.xcconfig"; path = "Pods/Target Support Files/Pods-StarAcademy/Pods-StarAcademy.release.xcconfig"; sourceTree = "<group>"; };
		87055B0419D703DC0048A6EC /* Arrow.png */ = {isa = PBXFileReference; lastKnownFileType = image.png; name = Arrow.png; path = Images/Arrow.png; sourceTree = "<group>"; };
		87055B0819D707F30048A6EC /* Common.h */ = {isa = PBXFileReference; lastKnownFileType = sourcecode.c.h; name = Common.h; path = Shared/Common.h; sourceTree = "<group>"; };
		87055B0919D72ED80048A6EC /* Share.png */ = {isa = PBXFileReference; lastKnownFileType = image.png; name = Share.png; path = Images/Share.png; sourceTree = "<group>"; };
		87595E4C19D6FA5B00686AC3 /* Logo.jpg */ = {isa = PBXFileReference; lastKnownFileType = image.jpeg; name = Logo.jpg; path = Images/Logo.jpg; sourceTree = "<group>"; };
		87595E5019D7022100686AC3 /* 58X58.png */ = {isa = PBXFileReference; lastKnownFileType = image.png; name = 58X58.png; path = Images/58X58.png; sourceTree = "<group>"; };
		875D066E19D6B7AE00064E7E /* StarAcademy.app */ = {isa = PBXFileReference; explicitFileType = wrapper.application; includeInIndex = 0; path = StarAcademy.app; sourceTree = BUILT_PRODUCTS_DIR; };
		875D067119D6B7AE00064E7E /* Foundation.framework */ = {isa = PBXFileReference; lastKnownFileType = wrapper.framework; name = Foundation.framework; path = System/Library/Frameworks/Foundation.framework; sourceTree = SDKROOT; };
		875D067319D6B7AE00064E7E /* CoreGraphics.framework */ = {isa = PBXFileReference; lastKnownFileType = wrapper.framework; name = CoreGraphics.framework; path = System/Library/Frameworks/CoreGraphics.framework; sourceTree = SDKROOT; };
		875D067519D6B7AE00064E7E /* UIKit.framework */ = {isa = PBXFileReference; lastKnownFileType = wrapper.framework; name = UIKit.framework; path = System/Library/Frameworks/UIKit.framework; sourceTree = SDKROOT; };
		875D067719D6B7AE00064E7E /* CoreData.framework */ = {isa = PBXFileReference; lastKnownFileType = wrapper.framework; name = CoreData.framework; path = System/Library/Frameworks/CoreData.framework; sourceTree = SDKROOT; };
		875D067B19D6B7AE00064E7E /* StarAcademy-Info.plist */ = {isa = PBXFileReference; lastKnownFileType = text.plist.xml; path = "StarAcademy-Info.plist"; sourceTree = "<group>"; };
		875D067D19D6B7AE00064E7E /* en */ = {isa = PBXFileReference; lastKnownFileType = text.plist.strings; name = en; path = en.lproj/InfoPlist.strings; sourceTree = "<group>"; };
		875D067F19D6B7AE00064E7E /* main.m */ = {isa = PBXFileReference; lastKnownFileType = sourcecode.c.objc; path = main.m; sourceTree = "<group>"; };
		875D068119D6B7AE00064E7E /* StarAcademy-Prefix.pch */ = {isa = PBXFileReference; lastKnownFileType = sourcecode.c.h; path = "StarAcademy-Prefix.pch"; sourceTree = "<group>"; };
		875D068219D6B7AE00064E7E /* AppDelegate.h */ = {isa = PBXFileReference; lastKnownFileType = sourcecode.c.h; path = AppDelegate.h; sourceTree = "<group>"; };
		875D068319D6B7AE00064E7E /* AppDelegate.m */ = {isa = PBXFileReference; lastKnownFileType = sourcecode.c.objc; path = AppDelegate.m; sourceTree = "<group>"; };
		875D068619D6B7AE00064E7E /* StarAcademy.xcdatamodel */ = {isa = PBXFileReference; lastKnownFileType = wrapper.xcdatamodel; path = StarAcademy.xcdatamodel; sourceTree = "<group>"; };
		875D068819D6B7AE00064E7E /* Images.xcassets */ = {isa = PBXFileReference; lastKnownFileType = folder.assetcatalog; path = Images.xcassets; sourceTree = "<group>"; };
		875D068E19D6B7AE00064E7E /* StarAcademyTests.xctest */ = {isa = PBXFileReference; explicitFileType = wrapper.cfbundle; includeInIndex = 0; path = StarAcademyTests.xctest; sourceTree = BUILT_PRODUCTS_DIR; };
		875D068F19D6B7AE00064E7E /* XCTest.framework */ = {isa = PBXFileReference; lastKnownFileType = wrapper.framework; name = XCTest.framework; path = Library/Frameworks/XCTest.framework; sourceTree = DEVELOPER_DIR; };
		875D069819D6B7AE00064E7E /* StarAcademyTests-Info.plist */ = {isa = PBXFileReference; lastKnownFileType = text.plist.xml; path = "StarAcademyTests-Info.plist"; sourceTree = "<group>"; };
		875D069A19D6B7AE00064E7E /* en */ = {isa = PBXFileReference; lastKnownFileType = text.plist.strings; name = en; path = en.lproj/InfoPlist.strings; sourceTree = "<group>"; };
		875D069C19D6B7AE00064E7E /* StarAcademyTests.m */ = {isa = PBXFileReference; lastKnownFileType = sourcecode.c.objc; path = StarAcademyTests.m; sourceTree = "<group>"; };
		875D06A919D6C07D00064E7E /* MainViewController.h */ = {isa = PBXFileReference; fileEncoding = 4; lastKnownFileType = sourcecode.c.h; name = MainViewController.h; path = UIViewControllers/MainViewController.h; sourceTree = "<group>"; };
		875D06AA19D6C07D00064E7E /* MainViewController.m */ = {isa = PBXFileReference; fileEncoding = 4; lastKnownFileType = sourcecode.c.objc; name = MainViewController.m; path = UIViewControllers/MainViewController.m; sourceTree = "<group>"; };
		875D06B419D6C30300064E7E /* Storyboard.storyboard */ = {isa = PBXFileReference; fileEncoding = 4; lastKnownFileType = file.storyboard; name = Storyboard.storyboard; path = iPhone/Storyboard.storyboard; sourceTree = "<group>"; };
		875D06B619D6C76100064E7E /* Storyboard_iPad.storyboard */ = {isa = PBXFileReference; fileEncoding = 4; lastKnownFileType = file.storyboard; name = Storyboard_iPad.storyboard; path = iPad/Storyboard_iPad.storyboard; sourceTree = "<group>"; };
		875D06B919D6CAAE00064E7E /* CardCollectionViewCell.h */ = {isa = PBXFileReference; fileEncoding = 4; lastKnownFileType = sourcecode.c.h; name = CardCollectionViewCell.h; path = CustomViews/CardCollectionViewCell.h; sourceTree = "<group>"; };
		875D06BA19D6CAAE00064E7E /* CardCollectionViewCell.m */ = {isa = PBXFileReference; fileEncoding = 4; lastKnownFileType = sourcecode.c.objc; name = CardCollectionViewCell.m; path = CustomViews/CardCollectionViewCell.m; sourceTree = "<group>"; };
		875D06BC19D6CAC700064E7E /* CardCollectionViewCell_iPhone.xib */ = {isa = PBXFileReference; fileEncoding = 4; lastKnownFileType = file.xib; name = CardCollectionViewCell_iPhone.xib; path = CustomViews/CardCollectionViewCell_iPhone.xib; sourceTree = "<group>"; };
		875D06C419D6D68100064E7E /* CardInfo.h */ = {isa = PBXFileReference; fileEncoding = 4; lastKnownFileType = sourcecode.c.h; name = CardInfo.h; path = Shared/CardInfo.h; sourceTree = "<group>"; };
		875D06C519D6D68100064E7E /* CardInfo.m */ = {isa = PBXFileReference; fileEncoding = 4; lastKnownFileType = sourcecode.c.objc; name = CardInfo.m; path = Shared/CardInfo.m; sourceTree = "<group>"; };
		879A1B9B19D9FDD2005E7228 /* Info.png */ = {isa = PBXFileReference; lastKnownFileType = image.png; name = Info.png; path = Images/Info.png; sourceTree = "<group>"; };
		879A1BA019DA0D7E005E7228 /* Twitter.framework */ = {isa = PBXFileReference; lastKnownFileType = wrapper.framework; name = Twitter.framework; path = StarAcademyProject/Libraries/Twitter.framework; sourceTree = "<group>"; };
		879A1BA119DA0D7E005E7228 /* FacebookSDK.framework */ = {isa = PBXFileReference; lastKnownFileType = wrapper.framework; name = FacebookSDK.framework; path = StarAcademyProject/Libraries/FacebookSDK.framework; sourceTree = "<group>"; };
		879A1BAC19DA11DB005E7228 /* FacebookSDKResources.bundle */ = {isa = PBXFileReference; lastKnownFileType = "wrapper.plug-in"; name = FacebookSDKResources.bundle; path = StarAcademyProject/Libraries/FacebookSDKResources.bundle; sourceTree = "<group>"; };
		879A1BAD19DA11DB005E7228 /* FBUserSettingsViewResources.bundle */ = {isa = PBXFileReference; lastKnownFileType = "wrapper.plug-in"; name = FBUserSettingsViewResources.bundle; path = StarAcademyProject/Libraries/FBUserSettingsViewResources.bundle; sourceTree = "<group>"; };
		879A1BB319DA1473005E7228 /* libsqlite3.dylib */ = {isa = PBXFileReference; lastKnownFileType = "compiled.mach-o.dylib"; name = libsqlite3.dylib; path = usr/lib/libsqlite3.dylib; sourceTree = SDKROOT; };
		879A1BB519DA14A3005E7228 /* libz.dylib */ = {isa = PBXFileReference; lastKnownFileType = "compiled.mach-o.dylib"; name = libz.dylib; path = usr/lib/libz.dylib; sourceTree = SDKROOT; };
		879A1BB719DA14DD005E7228 /* AdSupport.framework */ = {isa = PBXFileReference; lastKnownFileType = wrapper.framework; name = AdSupport.framework; path = System/Library/Frameworks/AdSupport.framework; sourceTree = SDKROOT; };
		879A1BB919DA2219005E7228 /* ShareToViewController.h */ = {isa = PBXFileReference; fileEncoding = 4; lastKnownFileType = sourcecode.c.h; name = ShareToViewController.h; path = UIViewControllers/ShareToViewController.h; sourceTree = "<group>"; };
		879A1BBA19DA2219005E7228 /* ShareToViewController.m */ = {isa = PBXFileReference; fileEncoding = 4; lastKnownFileType = sourcecode.c.objc; name = ShareToViewController.m; path = UIViewControllers/ShareToViewController.m; sourceTree = "<group>"; };
		879A1BBE19DA235B005E7228 /* ShareToViewController.xib */ = {isa = PBXFileReference; fileEncoding = 4; lastKnownFileType = file.xib; name = ShareToViewController.xib; path = iPad/ShareToViewController.xib; sourceTree = "<group>"; };
		87E3B7CF19D73C86007F424F /* CardCollectionViewCell_iPad.xib */ = {isa = PBXFileReference; fileEncoding = 4; lastKnownFileType = file.xib; name = CardCollectionViewCell_iPad.xib; path = CustomViews/CardCollectionViewCell_iPad.xib; sourceTree = "<group>"; };
		87E3B7D119D7410D007F424F /* Arrow_iPad.jpg */ = {isa = PBXFileReference; lastKnownFileType = image.jpeg; name = Arrow_iPad.jpg; path = Images/Arrow_iPad.jpg; sourceTree = "<group>"; };
		87E3B7D519D7455D007F424F /* 80X80.png */ = {isa = PBXFileReference; lastKnownFileType = image.png; name = 80X80.png; path = Images/80X80.png; sourceTree = "<group>"; };
		87E3B7E219D7482E007F424F /* en */ = {isa = PBXFileReference; lastKnownFileType = text.plist.strings; name = en; path = en.lproj/Localizable.strings; sourceTree = "<group>"; };
		87E3B7E419D74864007F424F /* ar */ = {isa = PBXFileReference; lastKnownFileType = text.plist.strings; name = ar; path = ar.lproj/Localizable.strings; sourceTree = "<group>"; };
		C8E8CA46DE1170430832CA6B /* Pods-StarAcademy.debug.xcconfig */ = {isa = PBXFileReference; includeInIndex = 1; lastKnownFileType = text.xcconfig; name = "Pods-StarAcademy.debug.xcconfig"; path = "Pods/Target Support Files/Pods-StarAcademy/Pods-StarAcademy.debug.xcconfig"; sourceTree = "<group>"; };
/* End PBXFileReference section */

/* Begin PBXFrameworksBuildPhase section */
		875D066B19D6B7AE00064E7E /* Frameworks */ = {
			isa = PBXFrameworksBuildPhase;
			buildActionMask = 2147483647;
			files = (
				879A1BB819DA14DD005E7228 /* AdSupport.framework in Frameworks */,
				879A1BB419DA1473005E7228 /* libsqlite3.dylib in Frameworks */,
				879A1BA419DA10F8005E7228 /* Twitter.framework in Frameworks */,
				879A1BA519DA10F8005E7228 /* FacebookSDK.framework in Frameworks */,
				875D067419D6B7AE00064E7E /* CoreGraphics.framework in Frameworks */,
				875D067819D6B7AE00064E7E /* CoreData.framework in Frameworks */,
				875D067619D6B7AE00064E7E /* UIKit.framework in Frameworks */,
				875D067219D6B7AE00064E7E /* Foundation.framework in Frameworks */,
				2BEDBD90979F75EA1F171024 /* libPods-StarAcademy.a in Frameworks */,
			);
			runOnlyForDeploymentPostprocessing = 0;
		};
		875D068B19D6B7AE00064E7E /* Frameworks */ = {
			isa = PBXFrameworksBuildPhase;
			buildActionMask = 2147483647;
			files = (
				875D069019D6B7AE00064E7E /* XCTest.framework in Frameworks */,
				875D069319D6B7AE00064E7E /* CoreData.framework in Frameworks */,
				875D069219D6B7AE00064E7E /* UIKit.framework in Frameworks */,
				875D069119D6B7AE00064E7E /* Foundation.framework in Frameworks */,
			);
			runOnlyForDeploymentPostprocessing = 0;
		};
/* End PBXFrameworksBuildPhase section */

/* Begin PBXGroup section */
		875D066519D6B7AE00064E7E = {
			isa = PBXGroup;
			children = (
				875D067919D6B7AE00064E7E /* StarAcademyProject */,
				875D069619D6B7AE00064E7E /* StarAcademyTests */,
				875D067019D6B7AE00064E7E /* Frameworks */,
				875D066F19D6B7AE00064E7E /* Products */,
				8BADA69371DAB38DA6FCDDF0 /* Pods */,
			);
			sourceTree = "<group>";
		};
		875D066F19D6B7AE00064E7E /* Products */ = {
			isa = PBXGroup;
			children = (
				875D066E19D6B7AE00064E7E /* StarAcademy.app */,
				875D068E19D6B7AE00064E7E /* StarAcademyTests.xctest */,
			);
			name = Products;
			sourceTree = "<group>";
		};
		875D067019D6B7AE00064E7E /* Frameworks */ = {
			isa = PBXGroup;
			children = (
				879A1BB719DA14DD005E7228 /* AdSupport.framework */,
				879A1BB519DA14A3005E7228 /* libz.dylib */,
				879A1BB319DA1473005E7228 /* libsqlite3.dylib */,
				879A1BA019DA0D7E005E7228 /* Twitter.framework */,
				879A1BA119DA0D7E005E7228 /* FacebookSDK.framework */,
				875D067119D6B7AE00064E7E /* Foundation.framework */,
				875D067319D6B7AE00064E7E /* CoreGraphics.framework */,
				875D067519D6B7AE00064E7E /* UIKit.framework */,
				875D067719D6B7AE00064E7E /* CoreData.framework */,
				875D068F19D6B7AE00064E7E /* XCTest.framework */,
				4C643C665C1851D527BAC5E6 /* libPods-StarAcademy.a */,
			);
			name = Frameworks;
			sourceTree = "<group>";
		};
		875D067919D6B7AE00064E7E /* StarAcademyProject */ = {
			isa = PBXGroup;
			children = (
				879A1BAA19DA11C0005E7228 /* Libraries */,
				87E3B7E319D7482E007F424F /* Localizable.strings */,
				875D06C319D6D66300064E7E /* Shared */,
				875D06C019D6D19C00064E7E /* Images */,
				875D06B819D6CA6500064E7E /* CustomViews */,
				875D06A819D6C02A00064E7E /* iPhone */,
				875D06A719D6C02300064E7E /* iPad */,
				875D06A619D6C01700064E7E /* UIViewControllers */,
				875D068219D6B7AE00064E7E /* AppDelegate.h */,
				875D068319D6B7AE00064E7E /* AppDelegate.m */,
				875D068819D6B7AE00064E7E /* Images.xcassets */,
				875D067A19D6B7AE00064E7E /* Supporting Files */,
			);
			path = StarAcademyProject;
			sourceTree = "<group>";
		};
		875D067A19D6B7AE00064E7E /* Supporting Files */ = {
			isa = PBXGroup;
			children = (
				875D067B19D6B7AE00064E7E /* StarAcademy-Info.plist */,
				875D067C19D6B7AE00064E7E /* InfoPlist.strings */,
				875D067F19D6B7AE00064E7E /* main.m */,
				875D068119D6B7AE00064E7E /* StarAcademy-Prefix.pch */,
			);
			name = "Supporting Files";
			sourceTree = "<group>";
		};
		875D069619D6B7AE00064E7E /* StarAcademyTests */ = {
			isa = PBXGroup;
			children = (
				875D069C19D6B7AE00064E7E /* StarAcademyTests.m */,
				875D069719D6B7AE00064E7E /* Supporting Files */,
			);
			path = StarAcademyTests;
			sourceTree = "<group>";
		};
		875D069719D6B7AE00064E7E /* Supporting Files */ = {
			isa = PBXGroup;
			children = (
				875D069819D6B7AE00064E7E /* StarAcademyTests-Info.plist */,
				875D069919D6B7AE00064E7E /* InfoPlist.strings */,
			);
			name = "Supporting Files";
			sourceTree = "<group>";
		};
		875D06A619D6C01700064E7E /* UIViewControllers */ = {
			isa = PBXGroup;
			children = (
				875D06A919D6C07D00064E7E /* MainViewController.h */,
				875D06AA19D6C07D00064E7E /* MainViewController.m */,
				879A1BB919DA2219005E7228 /* ShareToViewController.h */,
				879A1BBA19DA2219005E7228 /* ShareToViewController.m */,
			);
			name = UIViewControllers;
			sourceTree = "<group>";
		};
		875D06A719D6C02300064E7E /* iPad */ = {
			isa = PBXGroup;
			children = (
				875D06B619D6C76100064E7E /* Storyboard_iPad.storyboard */,
			);
			name = iPad;
			sourceTree = "<group>";
		};
		875D06A819D6C02A00064E7E /* iPhone */ = {
			isa = PBXGroup;
			children = (
				875D06B419D6C30300064E7E /* Storyboard.storyboard */,
				879A1BBE19DA235B005E7228 /* ShareToViewController.xib */,
			);
			name = iPhone;
			sourceTree = "<group>";
		};
		875D06B819D6CA6500064E7E /* CustomViews */ = {
			isa = PBXGroup;
			children = (
				875D06B919D6CAAE00064E7E /* CardCollectionViewCell.h */,
				875D06BA19D6CAAE00064E7E /* CardCollectionViewCell.m */,
				875D06BC19D6CAC700064E7E /* CardCollectionViewCell_iPhone.xib */,
				87E3B7CF19D73C86007F424F /* CardCollectionViewCell_iPad.xib */,
			);
			name = CustomViews;
			sourceTree = "<group>";
		};
		875D06C019D6D19C00064E7E /* Images */ = {
			isa = PBXGroup;
			children = (
				87055B0919D72ED80048A6EC /* Share.png */,
				879A1B9B19D9FDD2005E7228 /* Info.png */,
				87055B0419D703DC0048A6EC /* Arrow.png */,
				87E3B7D119D7410D007F424F /* Arrow_iPad.jpg */,
				87E3B7D519D7455D007F424F /* 80X80.png */,
				87595E5019D7022100686AC3 /* 58X58.png */,
				87595E4C19D6FA5B00686AC3 /* Logo.jpg */,
			);
			name = Images;
			sourceTree = "<group>";
		};
		875D06C319D6D66300064E7E /* Shared */ = {
			isa = PBXGroup;
			children = (
				875D068519D6B7AE00064E7E /* StarAcademy.xcdatamodeld */,
				875D06C419D6D68100064E7E /* CardInfo.h */,
				875D06C519D6D68100064E7E /* CardInfo.m */,
				87055B0819D707F30048A6EC /* Common.h */,
			);
			name = Shared;
			sourceTree = "<group>";
		};
		879A1BAA19DA11C0005E7228 /* Libraries */ = {
			isa = PBXGroup;
			children = (
				879A1BAC19DA11DB005E7228 /* FacebookSDKResources.bundle */,
				879A1BAD19DA11DB005E7228 /* FBUserSettingsViewResources.bundle */,
			);
			name = Libraries;
			path = ..;
			sourceTree = "<group>";
		};
		8BADA69371DAB38DA6FCDDF0 /* Pods */ = {
			isa = PBXGroup;
			children = (
				C8E8CA46DE1170430832CA6B /* Pods-StarAcademy.debug.xcconfig */,
				6D81ACD745F50FD2836365F5 /* Pods-StarAcademy.release.xcconfig */,
			);
			name = Pods;
			sourceTree = "<group>";
		};
/* End PBXGroup section */

/* Begin PBXNativeTarget section */
		875D066D19D6B7AE00064E7E /* StarAcademy */ = {
			isa = PBXNativeTarget;
			buildConfigurationList = 875D06A019D6B7AE00064E7E /* Build configuration list for PBXNativeTarget "StarAcademy" */;
			buildPhases = (
				6B6E2D8B816FB77F1FEB5517 /* Check Pods Manifest.lock */,
				875D066A19D6B7AE00064E7E /* Sources */,
				875D066B19D6B7AE00064E7E /* Frameworks */,
				875D066C19D6B7AE00064E7E /* Resources */,
				E14F888A183A8CF2C1E5F444 /* Copy Pods Resources */,
			);
			buildRules = (
			);
			dependencies = (
			);
			name = StarAcademy;
			productName = StarAcademy;
			productReference = 875D066E19D6B7AE00064E7E /* StarAcademy.app */;
			productType = "com.apple.product-type.application";
		};
		875D068D19D6B7AE00064E7E /* StarAcademyTests */ = {
			isa = PBXNativeTarget;
			buildConfigurationList = 875D06A319D6B7AE00064E7E /* Build configuration list for PBXNativeTarget "StarAcademyTests" */;
			buildPhases = (
				875D068A19D6B7AE00064E7E /* Sources */,
				875D068B19D6B7AE00064E7E /* Frameworks */,
				875D068C19D6B7AE00064E7E /* Resources */,
			);
			buildRules = (
			);
			dependencies = (
				875D069519D6B7AE00064E7E /* PBXTargetDependency */,
			);
			name = StarAcademyTests;
			productName = StarAcademyTests;
			productReference = 875D068E19D6B7AE00064E7E /* StarAcademyTests.xctest */;
			productType = "com.apple.product-type.bundle.unit-test";
		};
/* End PBXNativeTarget section */

/* Begin PBXProject section */
		875D066619D6B7AE00064E7E /* Project object */ = {
			isa = PBXProject;
			attributes = {
				LastUpgradeCheck = 0510;
				ORGANIZATIONNAME = VineLab;
				TargetAttributes = {
					875D068D19D6B7AE00064E7E = {
						TestTargetID = 875D066D19D6B7AE00064E7E;
					};
				};
			};
			buildConfigurationList = 875D066919D6B7AE00064E7E /* Build configuration list for PBXProject "StarAcademy" */;
			compatibilityVersion = "Xcode 3.2";
			developmentRegion = English;
			hasScannedForEncodings = 0;
			knownRegions = (
				en,
				ar,
			);
			mainGroup = 875D066519D6B7AE00064E7E;
			productRefGroup = 875D066F19D6B7AE00064E7E /* Products */;
			projectDirPath = "";
			projectRoot = "";
			targets = (
				875D066D19D6B7AE00064E7E /* StarAcademy */,
				875D068D19D6B7AE00064E7E /* StarAcademyTests */,
			);
		};
/* End PBXProject section */

/* Begin PBXResourcesBuildPhase section */
		875D066C19D6B7AE00064E7E /* Resources */ = {
			isa = PBXResourcesBuildPhase;
			buildActionMask = 2147483647;
			files = (
				87E3B7D619D7455D007F424F /* 80X80.png in Resources */,
				875D067E19D6B7AE00064E7E /* InfoPlist.strings in Resources */,
				87E3B7D219D7410D007F424F /* Arrow_iPad.jpg in Resources */,
				87595E4D19D6FA5C00686AC3 /* Logo.jpg in Resources */,
				87E3B7D019D73C86007F424F /* CardCollectionViewCell_iPad.xib in Resources */,
				879A1BBF19DA235B005E7228 /* ShareToViewController.xib in Resources */,
				879A1B9C19D9FDD2005E7228 /* Info.png in Resources */,
				87055B0519D703DC0048A6EC /* Arrow.png in Resources */,
				875D06BD19D6CAC700064E7E /* CardCollectionViewCell_iPhone.xib in Resources */,
				879A1BB119DA11DB005E7228 /* FBUserSettingsViewResources.bundle in Resources */,
				875D068919D6B7AE00064E7E /* Images.xcassets in Resources */,
				875D06B519D6C30300064E7E /* Storyboard.storyboard in Resources */,
				87E3B7E119D7482E007F424F /* Localizable.strings in Resources */,
				875D06B719D6C76100064E7E /* Storyboard_iPad.storyboard in Resources */,
				87595E5119D7022100686AC3 /* 58X58.png in Resources */,
				879A1BB019DA11DB005E7228 /* FacebookSDKResources.bundle in Resources */,
				87055B0A19D72ED80048A6EC /* Share.png in Resources */,
			);
			runOnlyForDeploymentPostprocessing = 0;
		};
		875D068C19D6B7AE00064E7E /* Resources */ = {
			isa = PBXResourcesBuildPhase;
			buildActionMask = 2147483647;
			files = (
				875D069B19D6B7AE00064E7E /* InfoPlist.strings in Resources */,
			);
			runOnlyForDeploymentPostprocessing = 0;
		};
/* End PBXResourcesBuildPhase section */

/* Begin PBXShellScriptBuildPhase section */
		6B6E2D8B816FB77F1FEB5517 /* Check Pods Manifest.lock */ = {
			isa = PBXShellScriptBuildPhase;
			buildActionMask = 2147483647;
			files = (
			);
			inputPaths = (
			);
			name = "Check Pods Manifest.lock";
			outputPaths = (
			);
			runOnlyForDeploymentPostprocessing = 0;
			shellPath = /bin/sh;
			shellScript = "diff \"${PODS_ROOT}/../Podfile.lock\" \"${PODS_ROOT}/Manifest.lock\" > /dev/null\nif [[ $? != 0 ]] ; then\n    cat << EOM\nerror: The sandbox is not in sync with the Podfile.lock. Run 'pod install' or update your CocoaPods installation.\nEOM\n    exit 1\nfi\n";
			showEnvVarsInLog = 0;
		};
		E14F888A183A8CF2C1E5F444 /* Copy Pods Resources */ = {
			isa = PBXShellScriptBuildPhase;
			buildActionMask = 2147483647;
			files = (
			);
			inputPaths = (
			);
			name = "Copy Pods Resources";
			outputPaths = (
			);
			runOnlyForDeploymentPostprocessing = 0;
			shellPath = /bin/sh;
			shellScript = "\"${SRCROOT}/Pods/Target Support Files/Pods-StarAcademy/Pods-StarAcademy-resources.sh\"\n";
			showEnvVarsInLog = 0;
		};
/* End PBXShellScriptBuildPhase section */

/* Begin PBXSourcesBuildPhase section */
		875D066A19D6B7AE00064E7E /* Sources */ = {
			isa = PBXSourcesBuildPhase;
			buildActionMask = 2147483647;
			files = (
				875D068419D6B7AE00064E7E /* AppDelegate.m in Sources */,
				875D06BB19D6CAAE00064E7E /* CardCollectionViewCell.m in Sources */,
				875D068019D6B7AE00064E7E /* main.m in Sources */,
				875D06C619D6D68100064E7E /* CardInfo.m in Sources */,
				875D068719D6B7AE00064E7E /* StarAcademy.xcdatamodeld in Sources */,
				875D06AB19D6C07D00064E7E /* MainViewController.m in Sources */,
				879A1BBC19DA2219005E7228 /* ShareToViewController.m in Sources */,
			);
			runOnlyForDeploymentPostprocessing = 0;
		};
		875D068A19D6B7AE00064E7E /* Sources */ = {
			isa = PBXSourcesBuildPhase;
			buildActionMask = 2147483647;
			files = (
				875D069D19D6B7AE00064E7E /* StarAcademyTests.m in Sources */,
			);
			runOnlyForDeploymentPostprocessing = 0;
		};
/* End PBXSourcesBuildPhase section */

/* Begin PBXTargetDependency section */
		875D069519D6B7AE00064E7E /* PBXTargetDependency */ = {
			isa = PBXTargetDependency;
			target = 875D066D19D6B7AE00064E7E /* StarAcademy */;
			targetProxy = 875D069419D6B7AE00064E7E /* PBXContainerItemProxy */;
		};
/* End PBXTargetDependency section */

/* Begin PBXVariantGroup section */
		875D067C19D6B7AE00064E7E /* InfoPlist.strings */ = {
			isa = PBXVariantGroup;
			children = (
				875D067D19D6B7AE00064E7E /* en */,
			);
			name = InfoPlist.strings;
			sourceTree = "<group>";
		};
		875D069919D6B7AE00064E7E /* InfoPlist.strings */ = {
			isa = PBXVariantGroup;
			children = (
				875D069A19D6B7AE00064E7E /* en */,
			);
			name = InfoPlist.strings;
			sourceTree = "<group>";
		};
		87E3B7E319D7482E007F424F /* Localizable.strings */ = {
			isa = PBXVariantGroup;
			children = (
				87E3B7E219D7482E007F424F /* en */,
				87E3B7E419D74864007F424F /* ar */,
			);
			name = Localizable.strings;
			sourceTree = "<group>";
		};
/* End PBXVariantGroup section */

/* Begin XCBuildConfiguration section */
		875D069E19D6B7AE00064E7E /* Debug */ = {
			isa = XCBuildConfiguration;
			buildSettings = {
				ALWAYS_SEARCH_USER_PATHS = NO;
				CLANG_CXX_LANGUAGE_STANDARD = "gnu++0x";
				CLANG_CXX_LIBRARY = "libc++";
				CLANG_ENABLE_MODULES = YES;
				CLANG_ENABLE_OBJC_ARC = YES;
				CLANG_WARN_BOOL_CONVERSION = YES;
				CLANG_WARN_CONSTANT_CONVERSION = YES;
				CLANG_WARN_DIRECT_OBJC_ISA_USAGE = YES_ERROR;
				CLANG_WARN_EMPTY_BODY = YES;
				CLANG_WARN_ENUM_CONVERSION = YES;
				CLANG_WARN_INT_CONVERSION = YES;
				CLANG_WARN_OBJC_ROOT_CLASS = YES_ERROR;
				CLANG_WARN__DUPLICATE_METHOD_MATCH = YES;
				"CODE_SIGN_IDENTITY[sdk=iphoneos*]" = "iPhone Developer";
				COPY_PHASE_STRIP = NO;
				GCC_C_LANGUAGE_STANDARD = gnu99;
				GCC_DYNAMIC_NO_PIC = NO;
				GCC_OPTIMIZATION_LEVEL = 0;
				GCC_PREPROCESSOR_DEFINITIONS = (
					"DEBUG=1",
					"$(inherited)",
				);
				GCC_SYMBOLS_PRIVATE_EXTERN = NO;
				GCC_WARN_64_TO_32_BIT_CONVERSION = YES;
				GCC_WARN_ABOUT_RETURN_TYPE = YES_ERROR;
				GCC_WARN_UNDECLARED_SELECTOR = YES;
				GCC_WARN_UNINITIALIZED_AUTOS = YES_AGGRESSIVE;
				GCC_WARN_UNUSED_FUNCTION = YES;
				GCC_WARN_UNUSED_VARIABLE = YES;
				IPHONEOS_DEPLOYMENT_TARGET = 7.1;
				ONLY_ACTIVE_ARCH = YES;
				SDKROOT = iphoneos;
				TARGETED_DEVICE_FAMILY = "1,2";
			};
			name = Debug;
		};
		875D069F19D6B7AE00064E7E /* Release */ = {
			isa = XCBuildConfiguration;
			buildSettings = {
				ALWAYS_SEARCH_USER_PATHS = NO;
				CLANG_CXX_LANGUAGE_STANDARD = "gnu++0x";
				CLANG_CXX_LIBRARY = "libc++";
				CLANG_ENABLE_MODULES = YES;
				CLANG_ENABLE_OBJC_ARC = YES;
				CLANG_WARN_BOOL_CONVERSION = YES;
				CLANG_WARN_CONSTANT_CONVERSION = YES;
				CLANG_WARN_DIRECT_OBJC_ISA_USAGE = YES_ERROR;
				CLANG_WARN_EMPTY_BODY = YES;
				CLANG_WARN_ENUM_CONVERSION = YES;
				CLANG_WARN_INT_CONVERSION = YES;
				CLANG_WARN_OBJC_ROOT_CLASS = YES_ERROR;
				CLANG_WARN__DUPLICATE_METHOD_MATCH = YES;
				"CODE_SIGN_IDENTITY[sdk=iphoneos*]" = "iPhone Developer";
				COPY_PHASE_STRIP = YES;
				ENABLE_NS_ASSERTIONS = NO;
				GCC_C_LANGUAGE_STANDARD = gnu99;
				GCC_WARN_64_TO_32_BIT_CONVERSION = YES;
				GCC_WARN_ABOUT_RETURN_TYPE = YES_ERROR;
				GCC_WARN_UNDECLARED_SELECTOR = YES;
				GCC_WARN_UNINITIALIZED_AUTOS = YES_AGGRESSIVE;
				GCC_WARN_UNUSED_FUNCTION = YES;
				GCC_WARN_UNUSED_VARIABLE = YES;
				IPHONEOS_DEPLOYMENT_TARGET = 7.1;
				SDKROOT = iphoneos;
				TARGETED_DEVICE_FAMILY = "1,2";
				VALIDATE_PRODUCT = YES;
			};
			name = Release;
		};
		875D06A119D6B7AE00064E7E /* Debug */ = {
			isa = XCBuildConfiguration;
			baseConfigurationReference = C8E8CA46DE1170430832CA6B /* Pods-StarAcademy.debug.xcconfig */;
			buildSettings = {
				ASSETCATALOG_COMPILER_APPICON_NAME = AppIcon;
				ASSETCATALOG_COMPILER_LAUNCHIMAGE_NAME = LaunchImage;
				FRAMEWORK_SEARCH_PATHS = "$(PROJECT_DIR)/StarAcademyProject/Libraries";
				GCC_PRECOMPILE_PREFIX_HEADER = YES;
				GCC_PREFIX_HEADER = "StarAcademyProject/StarAcademy-Prefix.pch";
				INFOPLIST_FILE = "StarAcademyProject/StarAcademy-Info.plist";
				IPHONEOS_DEPLOYMENT_TARGET = 7.1;
				ONLY_ACTIVE_ARCH = YES;
				PRODUCT_NAME = "$(TARGET_NAME)";
				TARGETED_DEVICE_FAMILY = "1,2";
				WRAPPER_EXTENSION = app;
			};
			name = Debug;
		};
		875D06A219D6B7AE00064E7E /* Release */ = {
			isa = XCBuildConfiguration;
			baseConfigurationReference = 6D81ACD745F50FD2836365F5 /* Pods-StarAcademy.release.xcconfig */;
			buildSettings = {
				ASSETCATALOG_COMPILER_APPICON_NAME = AppIcon;
				ASSETCATALOG_COMPILER_LAUNCHIMAGE_NAME = LaunchImage;
				FRAMEWORK_SEARCH_PATHS = "$(PROJECT_DIR)/StarAcademyProject/Libraries";
				GCC_PRECOMPILE_PREFIX_HEADER = YES;
				GCC_PREFIX_HEADER = "StarAcademyProject/StarAcademy-Prefix.pch";
				INFOPLIST_FILE = "StarAcademyProject/StarAcademy-Info.plist";
				IPHONEOS_DEPLOYMENT_TARGET = 7.1;
				PRODUCT_NAME = "$(TARGET_NAME)";
				TARGETED_DEVICE_FAMILY = "1,2";
				WRAPPER_EXTENSION = app;
			};
			name = Release;
		};
		875D06A419D6B7AE00064E7E /* Debug */ = {
			isa = XCBuildConfiguration;
			buildSettings = {
				BUNDLE_LOADER = "$(BUILT_PRODUCTS_DIR)/StarAcademy.app/StarAcademy";
				FRAMEWORK_SEARCH_PATHS = (
					"$(SDKROOT)/Developer/Library/Frameworks",
					"$(inherited)",
					"$(DEVELOPER_FRAMEWORKS_DIR)",
				);
				GCC_PRECOMPILE_PREFIX_HEADER = YES;
				GCC_PREFIX_HEADER = "StarAcademy/StarAcademy-Prefix.pch";
				GCC_PREPROCESSOR_DEFINITIONS = (
					"DEBUG=1",
					"$(inherited)",
				);
				INFOPLIST_FILE = "StarAcademyTests/StarAcademyTests-Info.plist";
				PRODUCT_NAME = "$(TARGET_NAME)";
				TEST_HOST = "$(BUNDLE_LOADER)";
				WRAPPER_EXTENSION = xctest;
			};
			name = Debug;
		};
		875D06A519D6B7AE00064E7E /* Release */ = {
			isa = XCBuildConfiguration;
			buildSettings = {
				BUNDLE_LOADER = "$(BUILT_PRODUCTS_DIR)/StarAcademy.app/StarAcademy";
				FRAMEWORK_SEARCH_PATHS = (
					"$(SDKROOT)/Developer/Library/Frameworks",
					"$(inherited)",
					"$(DEVELOPER_FRAMEWORKS_DIR)",
				);
				GCC_PRECOMPILE_PREFIX_HEADER = YES;
				GCC_PREFIX_HEADER = "StarAcademy/StarAcademy-Prefix.pch";
				INFOPLIST_FILE = "StarAcademyTests/StarAcademyTests-Info.plist";
				PRODUCT_NAME = "$(TARGET_NAME)";
				TEST_HOST = "$(BUNDLE_LOADER)";
				WRAPPER_EXTENSION = xctest;
			};
			name = Release;
		};
/* End XCBuildConfiguration section */

/* Begin XCConfigurationList section */
		875D066919D6B7AE00064E7E /* Build configuration list for PBXProject "StarAcademy" */ = {
			isa = XCConfigurationList;
			buildConfigurations = (
				875D069E19D6B7AE00064E7E /* Debug */,
				875D069F19D6B7AE00064E7E /* Release */,
			);
			defaultConfigurationIsVisible = 0;
			defaultConfigurationName = Release;
		};
		875D06A019D6B7AE00064E7E /* Build configuration list for PBXNativeTarget "StarAcademy" */ = {
			isa = XCConfigurationList;
			buildConfigurations = (
				875D06A119D6B7AE00064E7E /* Debug */,
				875D06A219D6B7AE00064E7E /* Release */,
			);
			defaultConfigurationIsVisible = 0;
			defaultConfigurationName = Release;
		};
		875D06A319D6B7AE00064E7E /* Build configuration list for PBXNativeTarget "StarAcademyTests" */ = {
			isa = XCConfigurationList;
			buildConfigurations = (
				875D06A419D6B7AE00064E7E /* Debug */,
				875D06A519D6B7AE00064E7E /* Release */,
			);
			defaultConfigurationIsVisible = 0;
			defaultConfigurationName = Release;
		};
/* End XCConfigurationList section */

/* Begin XCVersionGroup section */
		875D068519D6B7AE00064E7E /* StarAcademy.xcdatamodeld */ = {
			isa = XCVersionGroup;
			children = (
				875D068619D6B7AE00064E7E /* StarAcademy.xcdatamodel */,
			);
			currentVersion = 875D068619D6B7AE00064E7E /* StarAcademy.xcdatamodel */;
			path = StarAcademy.xcdatamodeld;
			sourceTree = "<group>";
			versionGroupType = wrapper.xcdatamodel;
		};
/* End XCVersionGroup section */
	};
	rootObject = 875D066619D6B7AE00064E7E /* Project object */;
}
